
Microsoft Visual Studio Solution File, Format Version 12.00
# Visual Studio 2013
VisualStudioVersion = 12.0.30110.0
MinimumVisualStudioVersion = 10.0.40219.1
Project("{2150E333-8FDC-42A3-9474-1A3956D46DE8}") = "Solution Items", "Solution Items", "{69939677-A842-4915-8DFC-49E0D693F93A}"
	ProjectSection(SolutionItems) = preProject
		main.html = main.html
		src\main.js = src\main.js
	EndProjectSection
EndProject
Project("{2150E333-8FDC-42A3-9474-1A3956D46DE8}") = "Blah", "Blah", "{D39DC3B9-B068-4DB3-B35D-69B43CC73D6A}"
EndProject
Global
	GlobalSection(SolutionProperties) = preSolution
		HideSolutionNode = FALSE
	EndGlobalSection
	GlobalSection(NestedProjects) = preSolution
		{D39DC3B9-B068-4DB3-B35D-69B43CC73D6A} = {69939677-A842-4915-8DFC-49E0D693F93A}
	EndGlobalSection
EndGlobal
